
Microsoft Visual Studio Solution File, Format Version 12.00
# Visual Studio Version 16
VisualStudioVersion = 16.0.29609.76
MinimumVisualStudioVersion = 10.0.40219.1
Project("{FAE04EC0-301F-11D3-BF4B-00C04F79EFBC}") = "MvcRouting", "WebApplication1\MvcRouting.csproj", "{325259C3-EA11-4C7F-836B-BCC8BC425A14}"
EndProject
Global
	GlobalSection(SolutionConfigurationPlatforms) = preSolution
		Debug|Any CPU = Debug|Any CPU
		Release|Any CPU = Release|Any CPU
	EndGlobalSection
	GlobalSection(ProjectConfigurationPlatforms) = postSolution
		{325259C3-EA11-4C7F-836B-BCC8BC425A14}.Debug|Any CPU.ActiveCfg = Debug|Any CPU
		{325259C3-EA11-4C7F-836B-BCC8BC425A14}.Debug|Any CPU.Build.0 = Debug|Any CPU
		{325259C3-EA11-4C7F-836B-BCC8BC425A14}.Release|Any CPU.ActiveCfg = Release|Any CPU
		{325259C3-EA11-4C7F-836B-BCC8BC425A14}.Release|Any CPU.Build.0 = Release|Any CPU
	EndGlobalSection
	GlobalSection(SolutionProperties) = preSolution
		HideSolutionNode = FALSE
	EndGlobalSection
	GlobalSection(ExtensibilityGlobals) = postSolution
		SolutionGuid = {98AF0FA0-CB84-411D-B7B7-395E820A55BE}
	EndGlobalSection
EndGlobal
